PODS:
  - Alamofire (5.2.1)
  - SDWebImage (4.4.7):
    - SDWebImage/Core (= 4.4.7)
  - SDWebImage/Core (4.4.7)
  - SquareInAppPaymentsSDK (1.3.0)
  - SwiftSpinner (2.1.0)
  - Toast-Swift (5.0.0)
  - TTSegmentedControl (0.4.10)

DEPENDENCIES:
  - Alamofire (~> 5.1)
  - SDWebImage (~> 4.0)
  - SquareInAppPaymentsSDK
  - SwiftSpinner
  - Toast-Swift (~> 5.0.0)
  - TTSegmentedControl (~> 0.4.8)

SPEC REPOS:
  trunk:
    - Alamofire
    - SDWebImage
    - SquareInAppPaymentsSDK
    - SwiftSpinner
    - Toast-Swift
    - TTSegmentedControl

SPEC CHECKSUMS:
  Alamofire: e911732990610fe89af59ac0077f923d72dc3dfd
  SDWebImage: c10d14a8883ebd89664f02a422006f66a85c0c5d
  SquareInAppPaymentsSDK: 0cc9fd96e99710a3158362dabb2577416cf8e379
  SwiftSpinner: 0f15c006307f8d8bbac075638927ec1361b565d7
  Toast-Swift: 36f4720243c8582c2be243a60a51e193c761f541
  TTSegmentedControl: d8005c0cdca2549ade0aee8e09240723e2478a6a

PODFILE CHECKSUM: 56f3d53bd00d266bf629e10f471b176e7baffdfb

COCOAPODS: 1.9.3
