PODS:
  - SDWebImage (4.4.7):
    - SDWebImage/Core (= 4.4.7)
  - SDWebImage/Core (4.4.7)
  - SwiftSpinner (2.1.0)
  - Toast-Swift (5.0.0)

DEPENDENCIES:
  - SDWebImage (~> 4.0)
  - SwiftSpinner
  - Toast-Swift (~> 5.0.0)

SPEC REPOS:
  trunk:
    - SDWebImage
    - SwiftSpinner
    - Toast-Swift

SPEC CHECKSUMS:
  SDWebImage: c10d14a8883ebd89664f02a422006f66a85c0c5d
  SwiftSpinner: 0f15c006307f8d8bbac075638927ec1361b565d7
  Toast-Swift: 36f4720243c8582c2be243a60a51e193c761f541

PODFILE CHECKSUM: eb8a8ef3908e16f04f1c83638847aca4bbb5a9ef

COCOAPODS: 1.8.4
