// !$*UTF8*$!
{
	archiveVersion = 1;
	classes = {
	};
	objectVersion = 51;
	objects = {

/* Begin PBXBuildFile section */
		2C3C0A8DDF4895BC923C8DEA /* Pods_Thali_PicklesTests.framework in Frameworks */ = {isa = PBXBuildFile; fileRef = 8479168192323A9D1E6633B9 /* Pods_Thali_PicklesTests.framework */; };
		69AB934D238BA2B300ED63AE /* PortImgView.m in Sources */ = {isa = PBXBuildFile; fileRef = 69AB934C238BA2B300ED63AE /* PortImgView.m */; };
		69AB934E238BA7E500ED63AE /* Roboto-Bold.ttf in Resources */ = {isa = PBXBuildFile; fileRef = 9A9C3C3B238B1BD800982421 /* Roboto-Bold.ttf */; };
		69AB934F238BA7E800ED63AE /* Roboto-Medium.ttf in Resources */ = {isa = PBXBuildFile; fileRef = 9A9C3C3C238B1BD800982421 /* Roboto-Medium.ttf */; };
		69AB9350238BA7EA00ED63AE /* Roboto-Regular.ttf in Resources */ = {isa = PBXBuildFile; fileRef = 9A9C3C3A238B1BD800982421 /* Roboto-Regular.ttf */; };
		69AB9352238BA8AC00ED63AE /* MenuDetailVC.swift in Sources */ = {isa = PBXBuildFile; fileRef = 69AB9351238BA8AB00ED63AE /* MenuDetailVC.swift */; };
		69AB9369238C079F00ED63AE /* CategoryCell.swift in Sources */ = {isa = PBXBuildFile; fileRef = 69AB9367238C079F00ED63AE /* CategoryCell.swift */; };
		69AB936A238C079F00ED63AE /* CategoryCell.xib in Resources */ = {isa = PBXBuildFile; fileRef = 69AB9368238C079F00ED63AE /* CategoryCell.xib */; };
		69AB9375238C0FF100ED63AE /* cart@2x.png in Resources */ = {isa = PBXBuildFile; fileRef = 69AB9373238C0FF000ED63AE /* cart@2x.png */; };
		69AB9376238C0FF100ED63AE /* cart@3x.png in Resources */ = {isa = PBXBuildFile; fileRef = 69AB9374238C0FF000ED63AE /* cart@3x.png */; };
		69AB9379238C141600ED63AE /* menu@2x.png in Resources */ = {isa = PBXBuildFile; fileRef = 69AB9377238C141600ED63AE /* menu@2x.png */; };
		69AB937A238C141600ED63AE /* menu@3x.png in Resources */ = {isa = PBXBuildFile; fileRef = 69AB9378238C141600ED63AE /* menu@3x.png */; };
		69AB9389238C17E400ED63AE /* addCart@3x.png in Resources */ = {isa = PBXBuildFile; fileRef = 69AB9387238C17E300ED63AE /* addCart@3x.png */; };
		69AB938A238C17E400ED63AE /* addCart@2x.png in Resources */ = {isa = PBXBuildFile; fileRef = 69AB9388238C17E300ED63AE /* addCart@2x.png */; };
		9A8C4C5723A79BD000C9818D /* placeholder@3x.png in Resources */ = {isa = PBXBuildFile; fileRef = 9A8C4C5523A79BCF00C9818D /* placeholder@3x.png */; };
		9A8C4C5823A79BD000C9818D /* placeholder@2x.png in Resources */ = {isa = PBXBuildFile; fileRef = 9A8C4C5623A79BD000C9818D /* placeholder@2x.png */; };
		9A9B779B238AE5B000440DF7 /* AppDelegate.swift in Sources */ = {isa = PBXBuildFile; fileRef = 9A9B779A238AE5B000440DF7 /* AppDelegate.swift */; };
		9A9B779D238AE5B000440DF7 /* SceneDelegate.swift in Sources */ = {isa = PBXBuildFile; fileRef = 9A9B779C238AE5B000440DF7 /* SceneDelegate.swift */; };
		9A9B77A4238AE5B000440DF7 /* Main.storyboard in Resources */ = {isa = PBXBuildFile; fileRef = 9A9B77A2238AE5B000440DF7 /* Main.storyboard */; };
		9A9B77A7238AE5B000440DF7 /* Thali_Pickles.xcdatamodeld in Sources */ = {isa = PBXBuildFile; fileRef = 9A9B77A5238AE5B000440DF7 /* Thali_Pickles.xcdatamodeld */; };
		9A9B77A9238AE5B300440DF7 /* Assets.xcassets in Resources */ = {isa = PBXBuildFile; fileRef = 9A9B77A8238AE5B300440DF7 /* Assets.xcassets */; };
		9A9B77AC238AE5B300440DF7 /* LaunchScreen.storyboard in Resources */ = {isa = PBXBuildFile; fileRef = 9A9B77AA238AE5B300440DF7 /* LaunchScreen.storyboard */; };
		9A9B77B7238AE5B300440DF7 /* Thali_PicklesTests.swift in Sources */ = {isa = PBXBuildFile; fileRef = 9A9B77B6238AE5B300440DF7 /* Thali_PicklesTests.swift */; };
		9A9C3C32238AEBD900982421 /* logo@3x.png in Resources */ = {isa = PBXBuildFile; fileRef = 9A9C3C31238AEBD900982421 /* logo@3x.png */; };
		9A9C3C34238AF79B00982421 /* MenuVC.swift in Sources */ = {isa = PBXBuildFile; fileRef = 9A9C3C33238AF79B00982421 /* MenuVC.swift */; };
		9A9C3C38238B106700982421 /* Constants.swift in Sources */ = {isa = PBXBuildFile; fileRef = 9A9C3C37238B106700982421 /* Constants.swift */; };
		9A9C3C47238B2B8800982421 /* Service.swift in Sources */ = {isa = PBXBuildFile; fileRef = 9A9C3C46238B2B8800982421 /* Service.swift */; };
		9ABA44C8238C5FE700BCD42C /* CartVC.swift in Sources */ = {isa = PBXBuildFile; fileRef = 9ABA44C7238C5FE700BCD42C /* CartVC.swift */; };
		9AC35491239321D00070A2CA /* CheckOutVC.swift in Sources */ = {isa = PBXBuildFile; fileRef = 9AC35490239321D00070A2CA /* CheckOutVC.swift */; };
		9AC6F31A24BDEA290098EACF /* BaseViewController.swift in Sources */ = {isa = PBXBuildFile; fileRef = 9AC6F31924BDEA280098EACF /* BaseViewController.swift */; };
		9AC6F31D24BDEA5E0098EACF /* LoginVC.swift in Sources */ = {isa = PBXBuildFile; fileRef = 9AC6F31C24BDEA5E0098EACF /* LoginVC.swift */; };
		9AC6F31F24BDEA810098EACF /* RegisterVC.swift in Sources */ = {isa = PBXBuildFile; fileRef = 9AC6F31E24BDEA810098EACF /* RegisterVC.swift */; };
		9AD3351D238C585F009F83E0 /* AppManager.swift in Sources */ = {isa = PBXBuildFile; fileRef = 9AD3351C238C585F009F83E0 /* AppManager.swift */; };
		9ADF469D2392F0C300FB28CF /* SKRadioButton.swift in Sources */ = {isa = PBXBuildFile; fileRef = 9ADF469C2392F0C300FB28CF /* SKRadioButton.swift */; };
		B0577244F01B7A0890C7F815 /* Pods_Thali_Pickles.framework in Frameworks */ = {isa = PBXBuildFile; fileRef = 75498A908E6C295768C537A1 /* Pods_Thali_Pickles.framework */; };
/* End PBXBuildFile section */

/* Begin PBXContainerItemProxy section */
		9A9B77B3238AE5B300440DF7 /* PBXContainerItemProxy */ = {
			isa = PBXContainerItemProxy;
			containerPortal = 9A9B778F238AE5B000440DF7 /* Project object */;
			proxyType = 1;
			remoteGlobalIDString = 9A9B7796238AE5B000440DF7;
			remoteInfo = "Thali&Pickles";
		};
/* End PBXContainerItemProxy section */

/* Begin PBXFileReference section */
		0C1C8F15CB2DF78D6432F050 /* Pods-Thali&PicklesTests.release.xcconfig */ = {isa = PBXFileReference; includeInIndex = 1; lastKnownFileType = text.xcconfig; name = "Pods-Thali&PicklesTests.release.xcconfig"; path = "Target Support Files/Pods-Thali&PicklesTests/Pods-Thali&PicklesTests.release.xcconfig"; sourceTree = "<group>"; };
		481BBA77047C155CBC1908D8 /* Pods-Thali&PicklesTests.debug.xcconfig */ = {isa = PBXFileReference; includeInIndex = 1; lastKnownFileType = text.xcconfig; name = "Pods-Thali&PicklesTests.debug.xcconfig"; path = "Target Support Files/Pods-Thali&PicklesTests/Pods-Thali&PicklesTests.debug.xcconfig"; sourceTree = "<group>"; };
		69AB9347238BA1D600ED63AE /* Thali&Pickles-Bridging-Header.h */ = {isa = PBXFileReference; lastKnownFileType = sourcecode.c.h; path = "Thali&Pickles-Bridging-Header.h"; sourceTree = "<group>"; };
		69AB934B238BA2B300ED63AE /* PortImgView.h */ = {isa = PBXFileReference; lastKnownFileType = sourcecode.c.h; path = PortImgView.h; sourceTree = "<group>"; };
		69AB934C238BA2B300ED63AE /* PortImgView.m */ = {isa = PBXFileReference; lastKnownFileType = sourcecode.c.objc; path = PortImgView.m; sourceTree = "<group>"; };
		69AB9351238BA8AB00ED63AE /* MenuDetailVC.swift */ = {isa = PBXFileReference; lastKnownFileType = sourcecode.swift; path = MenuDetailVC.swift; sourceTree = "<group>"; };
		69AB9367238C079F00ED63AE /* CategoryCell.swift */ = {isa = PBXFileReference; lastKnownFileType = sourcecode.swift; path = CategoryCell.swift; sourceTree = "<group>"; };
		69AB9368238C079F00ED63AE /* CategoryCell.xib */ = {isa = PBXFileReference; lastKnownFileType = file.xib; path = CategoryCell.xib; sourceTree = "<group>"; };
		69AB9373238C0FF000ED63AE /* cart@2x.png */ = {isa = PBXFileReference; lastKnownFileType = image.png; path = "cart@2x.png"; sourceTree = "<group>"; };
		69AB9374238C0FF000ED63AE /* cart@3x.png */ = {isa = PBXFileReference; lastKnownFileType = image.png; path = "cart@3x.png"; sourceTree = "<group>"; };
		69AB9377238C141600ED63AE /* menu@2x.png */ = {isa = PBXFileReference; lastKnownFileType = image.png; path = "menu@2x.png"; sourceTree = "<group>"; };
		69AB9378238C141600ED63AE /* menu@3x.png */ = {isa = PBXFileReference; lastKnownFileType = image.png; path = "menu@3x.png"; sourceTree = "<group>"; };
		69AB9387238C17E300ED63AE /* addCart@3x.png */ = {isa = PBXFileReference; lastKnownFileType = image.png; path = "addCart@3x.png"; sourceTree = "<group>"; };
		69AB9388238C17E300ED63AE /* addCart@2x.png */ = {isa = PBXFileReference; lastKnownFileType = image.png; path = "addCart@2x.png"; sourceTree = "<group>"; };
		75498A908E6C295768C537A1 /* Pods_Thali_Pickles.framework */ = {isa = PBXFileReference; explicitFileType = wrapper.framework; includeInIndex = 0; path = Pods_Thali_Pickles.framework; sourceTree = BUILT_PRODUCTS_DIR; };
		82CB011F4A13FA307B4F88B3 /* Pods-Thali&Pickles.release.xcconfig */ = {isa = PBXFileReference; includeInIndex = 1; lastKnownFileType = text.xcconfig; name = "Pods-Thali&Pickles.release.xcconfig"; path = "Target Support Files/Pods-Thali&Pickles/Pods-Thali&Pickles.release.xcconfig"; sourceTree = "<group>"; };
		8479168192323A9D1E6633B9 /* Pods_Thali_PicklesTests.framework */ = {isa = PBXFileReference; explicitFileType = wrapper.framework; includeInIndex = 0; path = Pods_Thali_PicklesTests.framework; sourceTree = BUILT_PRODUCTS_DIR; };
		9A8C4C5523A79BCF00C9818D /* placeholder@3x.png */ = {isa = PBXFileReference; lastKnownFileType = image.png; path = "placeholder@3x.png"; sourceTree = "<group>"; };
		9A8C4C5623A79BD000C9818D /* placeholder@2x.png */ = {isa = PBXFileReference; lastKnownFileType = image.png; path = "placeholder@2x.png"; sourceTree = "<group>"; };
		9A9B7797238AE5B000440DF7 /* Thali&Pickles.app */ = {isa = PBXFileReference; explicitFileType = wrapper.application; includeInIndex = 0; path = "Thali&Pickles.app"; sourceTree = BUILT_PRODUCTS_DIR; };
		9A9B779A238AE5B000440DF7 /* AppDelegate.swift */ = {isa = PBXFileReference; lastKnownFileType = sourcecode.swift; path = AppDelegate.swift; sourceTree = "<group>"; };
		9A9B779C238AE5B000440DF7 /* SceneDelegate.swift */ = {isa = PBXFileReference; lastKnownFileType = sourcecode.swift; path = SceneDelegate.swift; sourceTree = "<group>"; };
		9A9B77A3238AE5B000440DF7 /* Base */ = {isa = PBXFileReference; lastKnownFileType = file.storyboard; name = Base; path = Base.lproj/Main.storyboard; sourceTree = "<group>"; };
		9A9B77A6238AE5B000440DF7 /* Thali_Pickles.xcdatamodel */ = {isa = PBXFileReference; lastKnownFileType = wrapper.xcdatamodel; path = Thali_Pickles.xcdatamodel; sourceTree = "<group>"; };
		9A9B77A8238AE5B300440DF7 /* Assets.xcassets */ = {isa = PBXFileReference; lastKnownFileType = folder.assetcatalog; path = Assets.xcassets; sourceTree = "<group>"; };
		9A9B77AB238AE5B300440DF7 /* Base */ = {isa = PBXFileReference; lastKnownFileType = file.storyboard; name = Base; path = Base.lproj/LaunchScreen.storyboard; sourceTree = "<group>"; };
		9A9B77AD238AE5B300440DF7 /* Info.plist */ = {isa = PBXFileReference; lastKnownFileType = text.plist.xml; path = Info.plist; sourceTree = "<group>"; };
		9A9B77B2238AE5B300440DF7 /* Thali&PicklesTests.xctest */ = {isa = PBXFileReference; explicitFileType = wrapper.cfbundle; includeInIndex = 0; path = "Thali&PicklesTests.xctest"; sourceTree = BUILT_PRODUCTS_DIR; };
		9A9B77B6238AE5B300440DF7 /* Thali_PicklesTests.swift */ = {isa = PBXFileReference; lastKnownFileType = sourcecode.swift; path = Thali_PicklesTests.swift; sourceTree = "<group>"; };
		9A9B77B8238AE5B300440DF7 /* Info.plist */ = {isa = PBXFileReference; lastKnownFileType = text.plist.xml; path = Info.plist; sourceTree = "<group>"; };
		9A9C3C31238AEBD900982421 /* logo@3x.png */ = {isa = PBXFileReference; lastKnownFileType = image.png; path = "logo@3x.png"; sourceTree = "<group>"; };
		9A9C3C33238AF79B00982421 /* MenuVC.swift */ = {isa = PBXFileReference; lastKnownFileType = sourcecode.swift; path = MenuVC.swift; sourceTree = "<group>"; };
		9A9C3C37238B106700982421 /* Constants.swift */ = {isa = PBXFileReference; lastKnownFileType = sourcecode.swift; path = Constants.swift; sourceTree = "<group>"; };
		9A9C3C3A238B1BD800982421 /* Roboto-Regular.ttf */ = {isa = PBXFileReference; lastKnownFileType = file; path = "Roboto-Regular.ttf"; sourceTree = "<group>"; };
		9A9C3C3B238B1BD800982421 /* Roboto-Bold.ttf */ = {isa = PBXFileReference; lastKnownFileType = file; path = "Roboto-Bold.ttf"; sourceTree = "<group>"; };
		9A9C3C3C238B1BD800982421 /* Roboto-Medium.ttf */ = {isa = PBXFileReference; lastKnownFileType = file; path = "Roboto-Medium.ttf"; sourceTree = "<group>"; };
		9A9C3C46238B2B8800982421 /* Service.swift */ = {isa = PBXFileReference; lastKnownFileType = sourcecode.swift; path = Service.swift; sourceTree = "<group>"; };
		9ABA44C7238C5FE700BCD42C /* CartVC.swift */ = {isa = PBXFileReference; lastKnownFileType = sourcecode.swift; path = CartVC.swift; sourceTree = "<group>"; };
		9AC35490239321D00070A2CA /* CheckOutVC.swift */ = {isa = PBXFileReference; lastKnownFileType = sourcecode.swift; path = CheckOutVC.swift; sourceTree = "<group>"; };
		9AC6F31924BDEA280098EACF /* BaseViewController.swift */ = {isa = PBXFileReference; fileEncoding = 4; lastKnownFileType = sourcecode.swift; path = BaseViewController.swift; sourceTree = "<group>"; };
		9AC6F31C24BDEA5E0098EACF /* LoginVC.swift */ = {isa = PBXFileReference; lastKnownFileType = sourcecode.swift; path = LoginVC.swift; sourceTree = "<group>"; };
		9AC6F31E24BDEA810098EACF /* RegisterVC.swift */ = {isa = PBXFileReference; lastKnownFileType = sourcecode.swift; path = RegisterVC.swift; sourceTree = "<group>"; };
		9AD3351C238C585F009F83E0 /* AppManager.swift */ = {isa = PBXFileReference; lastKnownFileType = sourcecode.swift; path = AppManager.swift; sourceTree = "<group>"; };
		9ADF469C2392F0C300FB28CF /* SKRadioButton.swift */ = {isa = PBXFileReference; fileEncoding = 4; lastKnownFileType = sourcecode.swift; path = SKRadioButton.swift; sourceTree = "<group>"; };
		E82F0B4397D190EE799C5872 /* Pods-Thali&Pickles.debug.xcconfig */ = {isa = PBXFileReference; includeInIndex = 1; lastKnownFileType = text.xcconfig; name = "Pods-Thali&Pickles.debug.xcconfig"; path = "Target Support Files/Pods-Thali&Pickles/Pods-Thali&Pickles.debug.xcconfig"; sourceTree = "<group>"; };
/* End PBXFileReference section */

/* Begin PBXFrameworksBuildPhase section */
		9A9B7794238AE5B000440DF7 /* Frameworks */ = {
			isa = PBXFrameworksBuildPhase;
			buildActionMask = 2147483647;
			files = (
				B0577244F01B7A0890C7F815 /* Pods_Thali_Pickles.framework in Frameworks */,
			);
			runOnlyForDeploymentPostprocessing = 0;
		};
		9A9B77AF238AE5B300440DF7 /* Frameworks */ = {
			isa = PBXFrameworksBuildPhase;
			buildActionMask = 2147483647;
			files = (
				2C3C0A8DDF4895BC923C8DEA /* Pods_Thali_PicklesTests.framework in Frameworks */,
			);
			runOnlyForDeploymentPostprocessing = 0;
		};
/* End PBXFrameworksBuildPhase section */

/* Begin PBXGroup section */
		5BBC43DBD603D37EB9972F77 /* Frameworks */ = {
			isa = PBXGroup;
			children = (
				75498A908E6C295768C537A1 /* Pods_Thali_Pickles.framework */,
				8479168192323A9D1E6633B9 /* Pods_Thali_PicklesTests.framework */,
			);
			name = Frameworks;
			sourceTree = "<group>";
		};
		60A05F444B88DB936AB2FED5 /* Pods */ = {
			isa = PBXGroup;
			children = (
				E82F0B4397D190EE799C5872 /* Pods-Thali&Pickles.debug.xcconfig */,
				82CB011F4A13FA307B4F88B3 /* Pods-Thali&Pickles.release.xcconfig */,
				481BBA77047C155CBC1908D8 /* Pods-Thali&PicklesTests.debug.xcconfig */,
				0C1C8F15CB2DF78D6432F050 /* Pods-Thali&PicklesTests.release.xcconfig */,
			);
			path = Pods;
			sourceTree = "<group>";
		};
		9A9B778E238AE5B000440DF7 = {
			isa = PBXGroup;
			children = (
				9A9B7799238AE5B000440DF7 /* Thali&Pickles */,
				9A9B77B5238AE5B300440DF7 /* Thali&PicklesTests */,
				9A9B7798238AE5B000440DF7 /* Products */,
				60A05F444B88DB936AB2FED5 /* Pods */,
				5BBC43DBD603D37EB9972F77 /* Frameworks */,
			);
			sourceTree = "<group>";
		};
		9A9B7798238AE5B000440DF7 /* Products */ = {
			isa = PBXGroup;
			children = (
				9A9B7797238AE5B000440DF7 /* Thali&Pickles.app */,
				9A9B77B2238AE5B300440DF7 /* Thali&PicklesTests.xctest */,
			);
			name = Products;
			sourceTree = "<group>";
		};
		9A9B7799238AE5B000440DF7 /* Thali&Pickles */ = {
			isa = PBXGroup;
			children = (
				9AC6F31824BDE9970098EACF /* ViewControllers */,
				9A9C3C39238B1BCA00982421 /* Fonts */,
				9A9C3C30238AEBBC00982421 /* Images */,
				9AC6F31624BDE9320098EACF /* AppDelegate */,
				9AC6F31724BDE9470098EACF /* Manager */,
				9A9B77A2238AE5B000440DF7 /* Main.storyboard */,
				9A9B77A8238AE5B300440DF7 /* Assets.xcassets */,
				9A9B77AA238AE5B300440DF7 /* LaunchScreen.storyboard */,
				9A9B77AD238AE5B300440DF7 /* Info.plist */,
				9A9B77A5238AE5B000440DF7 /* Thali_Pickles.xcdatamodeld */,
				69AB9347238BA1D600ED63AE /* Thali&Pickles-Bridging-Header.h */,
			);
			path = "Thali&Pickles";
			sourceTree = "<group>";
		};
		9A9B77B5238AE5B300440DF7 /* Thali&PicklesTests */ = {
			isa = PBXGroup;
			children = (
				9A9B77B6238AE5B300440DF7 /* Thali_PicklesTests.swift */,
				9A9B77B8238AE5B300440DF7 /* Info.plist */,
			);
			path = "Thali&PicklesTests";
			sourceTree = "<group>";
		};
		9A9C3C30238AEBBC00982421 /* Images */ = {
			isa = PBXGroup;
			children = (
				9A8C4C5523A79BCF00C9818D /* placeholder@3x.png */,
				9A8C4C5623A79BD000C9818D /* placeholder@2x.png */,
				9A9C3C31238AEBD900982421 /* logo@3x.png */,
				69AB9373238C0FF000ED63AE /* cart@2x.png */,
				69AB9374238C0FF000ED63AE /* cart@3x.png */,
				69AB9377238C141600ED63AE /* menu@2x.png */,
				69AB9378238C141600ED63AE /* menu@3x.png */,
				69AB9388238C17E300ED63AE /* addCart@2x.png */,
				69AB9387238C17E300ED63AE /* addCart@3x.png */,
			);
			path = Images;
			sourceTree = "<group>";
		};
		9A9C3C39238B1BCA00982421 /* Fonts */ = {
			isa = PBXGroup;
			children = (
				9A9C3C3B238B1BD800982421 /* Roboto-Bold.ttf */,
				9A9C3C3C238B1BD800982421 /* Roboto-Medium.ttf */,
				9A9C3C3A238B1BD800982421 /* Roboto-Regular.ttf */,
			);
			path = Fonts;
			sourceTree = "<group>";
		};
		9AC6F31624BDE9320098EACF /* AppDelegate */ = {
			isa = PBXGroup;
			children = (
				9A9B779A238AE5B000440DF7 /* AppDelegate.swift */,
				9A9B779C238AE5B000440DF7 /* SceneDelegate.swift */,
			);
			path = AppDelegate;
			sourceTree = "<group>";
		};
		9AC6F31724BDE9470098EACF /* Manager */ = {
			isa = PBXGroup;
			children = (
				9AC6F31924BDEA280098EACF /* BaseViewController.swift */,
				9AD3351C238C585F009F83E0 /* AppManager.swift */,
				9A9C3C37238B106700982421 /* Constants.swift */,
				69AB934B238BA2B300ED63AE /* PortImgView.h */,
				69AB934C238BA2B300ED63AE /* PortImgView.m */,
			);
			path = Manager;
			sourceTree = "<group>";
		};
		9AC6F31824BDE9970098EACF /* ViewControllers */ = {
			isa = PBXGroup;
			children = (
				9AC6F31B24BDEA3D0098EACF /* LoginModule */,
				9A9C3C33238AF79B00982421 /* MenuVC.swift */,
				69AB9351238BA8AB00ED63AE /* MenuDetailVC.swift */,
				69AB9367238C079F00ED63AE /* CategoryCell.swift */,
				69AB9368238C079F00ED63AE /* CategoryCell.xib */,
				9ABA44C7238C5FE700BCD42C /* CartVC.swift */,
				9AC35490239321D00070A2CA /* CheckOutVC.swift */,
				9A9C3C46238B2B8800982421 /* Service.swift */,
				9ADF469C2392F0C300FB28CF /* SKRadioButton.swift */,
			);
			path = ViewControllers;
			sourceTree = "<group>";
		};
		9AC6F31B24BDEA3D0098EACF /* LoginModule */ = {
			isa = PBXGroup;
			children = (
				9AC6F31C24BDEA5E0098EACF /* LoginVC.swift */,
				9AC6F31E24BDEA810098EACF /* RegisterVC.swift */,
			);
			path = LoginModule;
			sourceTree = "<group>";
		};
/* End PBXGroup section */

/* Begin PBXNativeTarget section */
		9A9B7796238AE5B000440DF7 /* Thali&Pickles */ = {
			isa = PBXNativeTarget;
			buildConfigurationList = 9A9B77BB238AE5B300440DF7 /* Build configuration list for PBXNativeTarget "Thali&Pickles" */;
			buildPhases = (
				EE5E140AF1D4C80D1AC7ECE1 /* [CP] Check Pods Manifest.lock */,
				9A9B7793238AE5B000440DF7 /* Sources */,
				9A9B7794238AE5B000440DF7 /* Frameworks */,
				9A9B7795238AE5B000440DF7 /* Resources */,
				71EDF70454269847098B1736 /* [CP] Embed Pods Frameworks */,
			);
			buildRules = (
			);
			dependencies = (
			);
			name = "Thali&Pickles";
			productName = "Thali&Pickles";
			productReference = 9A9B7797238AE5B000440DF7 /* Thali&Pickles.app */;
			productType = "com.apple.product-type.application";
		};
		9A9B77B1238AE5B300440DF7 /* Thali&PicklesTests */ = {
			isa = PBXNativeTarget;
			buildConfigurationList = 9A9B77BE238AE5B300440DF7 /* Build configuration list for PBXNativeTarget "Thali&PicklesTests" */;
			buildPhases = (
				E34858DFD28CEDCD7943638D /* [CP] Check Pods Manifest.lock */,
				9A9B77AE238AE5B300440DF7 /* Sources */,
				9A9B77AF238AE5B300440DF7 /* Frameworks */,
				9A9B77B0238AE5B300440DF7 /* Resources */,
			);
			buildRules = (
			);
			dependencies = (
				9A9B77B4238AE5B300440DF7 /* PBXTargetDependency */,
			);
			name = "Thali&PicklesTests";
			productName = "Thali&PicklesTests";
			productReference = 9A9B77B2238AE5B300440DF7 /* Thali&PicklesTests.xctest */;
			productType = "com.apple.product-type.bundle.unit-test";
		};
/* End PBXNativeTarget section */

/* Begin PBXProject section */
		9A9B778F238AE5B000440DF7 /* Project object */ = {
			isa = PBXProject;
			attributes = {
				LastSwiftUpdateCheck = 1120;
				LastUpgradeCheck = 1120;
				ORGANIZATIONNAME = Emon;
				TargetAttributes = {
					9A9B7796238AE5B000440DF7 = {
						CreatedOnToolsVersion = 11.2.1;
						LastSwiftMigration = 1120;
					};
					9A9B77B1238AE5B300440DF7 = {
						CreatedOnToolsVersion = 11.2.1;
						TestTargetID = 9A9B7796238AE5B000440DF7;
					};
				};
			};
			buildConfigurationList = 9A9B7792238AE5B000440DF7 /* Build configuration list for PBXProject "Thali&Pickles" */;
			compatibilityVersion = "Xcode 9.3";
			developmentRegion = en;
			hasScannedForEncodings = 0;
			knownRegions = (
				en,
				Base,
			);
			mainGroup = 9A9B778E238AE5B000440DF7;
			productRefGroup = 9A9B7798238AE5B000440DF7 /* Products */;
			projectDirPath = "";
			projectRoot = "";
			targets = (
				9A9B7796238AE5B000440DF7 /* Thali&Pickles */,
				9A9B77B1238AE5B300440DF7 /* Thali&PicklesTests */,
			);
		};
/* End PBXProject section */

/* Begin PBXResourcesBuildPhase section */
		9A9B7795238AE5B000440DF7 /* Resources */ = {
			isa = PBXResourcesBuildPhase;
			buildActionMask = 2147483647;
			files = (
				69AB9379238C141600ED63AE /* menu@2x.png in Resources */,
				9A9B77AC238AE5B300440DF7 /* LaunchScreen.storyboard in Resources */,
				69AB938A238C17E400ED63AE /* addCart@2x.png in Resources */,
				9A8C4C5823A79BD000C9818D /* placeholder@2x.png in Resources */,
				69AB9376238C0FF100ED63AE /* cart@3x.png in Resources */,
				69AB9350238BA7EA00ED63AE /* Roboto-Regular.ttf in Resources */,
				9A8C4C5723A79BD000C9818D /* placeholder@3x.png in Resources */,
				69AB9389238C17E400ED63AE /* addCart@3x.png in Resources */,
				9A9B77A9238AE5B300440DF7 /* Assets.xcassets in Resources */,
				69AB9375238C0FF100ED63AE /* cart@2x.png in Resources */,
				69AB934F238BA7E800ED63AE /* Roboto-Medium.ttf in Resources */,
				69AB934E238BA7E500ED63AE /* Roboto-Bold.ttf in Resources */,
				9A9C3C32238AEBD900982421 /* logo@3x.png in Resources */,
				9A9B77A4238AE5B000440DF7 /* Main.storyboard in Resources */,
				69AB937A238C141600ED63AE /* menu@3x.png in Resources */,
				69AB936A238C079F00ED63AE /* CategoryCell.xib in Resources */,
			);
			runOnlyForDeploymentPostprocessing = 0;
		};
		9A9B77B0238AE5B300440DF7 /* Resources */ = {
			isa = PBXResourcesBuildPhase;
			buildActionMask = 2147483647;
			files = (
			);
			runOnlyForDeploymentPostprocessing = 0;
		};
/* End PBXResourcesBuildPhase section */

/* Begin PBXShellScriptBuildPhase section */
		71EDF70454269847098B1736 /* [CP] Embed Pods Frameworks */ = {
			isa = PBXShellScriptBuildPhase;
			buildActionMask = 2147483647;
			files = (
			);
			inputFileListPaths = (
				"${PODS_ROOT}/Target Support Files/Pods-Thali&Pickles/Pods-Thali&Pickles-frameworks-${CONFIGURATION}-input-files.xcfilelist",
			);
			name = "[CP] Embed Pods Frameworks";
			outputFileListPaths = (
				"${PODS_ROOT}/Target Support Files/Pods-Thali&Pickles/Pods-Thali&Pickles-frameworks-${CONFIGURATION}-output-files.xcfilelist",
			);
			runOnlyForDeploymentPostprocessing = 0;
			shellPath = /bin/sh;
			shellScript = "\"${PODS_ROOT}/Target Support Files/Pods-Thali&Pickles/Pods-Thali&Pickles-frameworks.sh\"\n";
			showEnvVarsInLog = 0;
		};
		E34858DFD28CEDCD7943638D /* [CP] Check Pods Manifest.lock */ = {
			isa = PBXShellScriptBuildPhase;
			buildActionMask = 2147483647;
			files = (
			);
			inputFileListPaths = (
			);
			inputPaths = (
				"${PODS_PODFILE_DIR_PATH}/Podfile.lock",
				"${PODS_ROOT}/Manifest.lock",
			);
			name = "[CP] Check Pods Manifest.lock";
			outputFileListPaths = (
			);
			outputPaths = (
				"$(DERIVED_FILE_DIR)/Pods-Thali&PicklesTests-checkManifestLockResult.txt",
			);
			runOnlyForDeploymentPostprocessing = 0;
			shellPath = /bin/sh;
			shellScript = "diff \"${PODS_PODFILE_DIR_PATH}/Podfile.lock\" \"${PODS_ROOT}/Manifest.lock\" > /dev/null\nif [ $? != 0 ] ; then\n    # print error to STDERR\n    echo \"error: The sandbox is not in sync with the Podfile.lock. Run 'pod install' or update your CocoaPods installation.\" >&2\n    exit 1\nfi\n# This output is used by Xcode 'outputs' to avoid re-running this script phase.\necho \"SUCCESS\" > \"${SCRIPT_OUTPUT_FILE_0}\"\n";
			showEnvVarsInLog = 0;
		};
		EE5E140AF1D4C80D1AC7ECE1 /* [CP] Check Pods Manifest.lock */ = {
			isa = PBXShellScriptBuildPhase;
			buildActionMask = 2147483647;
			files = (
			);
			inputFileListPaths = (
			);
			inputPaths = (
				"${PODS_PODFILE_DIR_PATH}/Podfile.lock",
				"${PODS_ROOT}/Manifest.lock",
			);
			name = "[CP] Check Pods Manifest.lock";
			outputFileListPaths = (
			);
			outputPaths = (
				"$(DERIVED_FILE_DIR)/Pods-Thali&Pickles-checkManifestLockResult.txt",
			);
			runOnlyForDeploymentPostprocessing = 0;
			shellPath = /bin/sh;
			shellScript = "diff \"${PODS_PODFILE_DIR_PATH}/Podfile.lock\" \"${PODS_ROOT}/Manifest.lock\" > /dev/null\nif [ $? != 0 ] ; then\n    # print error to STDERR\n    echo \"error: The sandbox is not in sync with the Podfile.lock. Run 'pod install' or update your CocoaPods installation.\" >&2\n    exit 1\nfi\n# This output is used by Xcode 'outputs' to avoid re-running this script phase.\necho \"SUCCESS\" > \"${SCRIPT_OUTPUT_FILE_0}\"\n";
			showEnvVarsInLog = 0;
		};
/* End PBXShellScriptBuildPhase section */

/* Begin PBXSourcesBuildPhase section */
		9A9B7793238AE5B000440DF7 /* Sources */ = {
			isa = PBXSourcesBuildPhase;
			buildActionMask = 2147483647;
			files = (
				69AB934D238BA2B300ED63AE /* PortImgView.m in Sources */,
				9A9B77A7238AE5B000440DF7 /* Thali_Pickles.xcdatamodeld in Sources */,
				9ABA44C8238C5FE700BCD42C /* CartVC.swift in Sources */,
				9A9C3C34238AF79B00982421 /* MenuVC.swift in Sources */,
				69AB9352238BA8AC00ED63AE /* MenuDetailVC.swift in Sources */,
				9AC6F31A24BDEA290098EACF /* BaseViewController.swift in Sources */,
				9A9B779B238AE5B000440DF7 /* AppDelegate.swift in Sources */,
				9A9B779D238AE5B000440DF7 /* SceneDelegate.swift in Sources */,
				9AD3351D238C585F009F83E0 /* AppManager.swift in Sources */,
				9AC6F31F24BDEA810098EACF /* RegisterVC.swift in Sources */,
				9A9C3C38238B106700982421 /* Constants.swift in Sources */,
				9A9C3C47238B2B8800982421 /* Service.swift in Sources */,
				9AC35491239321D00070A2CA /* CheckOutVC.swift in Sources */,
				69AB9369238C079F00ED63AE /* CategoryCell.swift in Sources */,
				9ADF469D2392F0C300FB28CF /* SKRadioButton.swift in Sources */,
				9AC6F31D24BDEA5E0098EACF /* LoginVC.swift in Sources */,
			);
			runOnlyForDeploymentPostprocessing = 0;
		};
		9A9B77AE238AE5B300440DF7 /* Sources */ = {
			isa = PBXSourcesBuildPhase;
			buildActionMask = 2147483647;
			files = (
				9A9B77B7238AE5B300440DF7 /* Thali_PicklesTests.swift in Sources */,
			);
			runOnlyForDeploymentPostprocessing = 0;
		};
/* End PBXSourcesBuildPhase section */

/* Begin PBXTargetDependency section */
		9A9B77B4238AE5B300440DF7 /* PBXTargetDependency */ = {
			isa = PBXTargetDependency;
			target = 9A9B7796238AE5B000440DF7 /* Thali&Pickles */;
			targetProxy = 9A9B77B3238AE5B300440DF7 /* PBXContainerItemProxy */;
		};
/* End PBXTargetDependency section */

/* Begin PBXVariantGroup section */
		9A9B77A2238AE5B000440DF7 /* Main.storyboard */ = {
			isa = PBXVariantGroup;
			children = (
				9A9B77A3238AE5B000440DF7 /* Base */,
			);
			name = Main.storyboard;
			sourceTree = "<group>";
		};
		9A9B77AA238AE5B300440DF7 /* LaunchScreen.storyboard */ = {
			isa = PBXVariantGroup;
			children = (
				9A9B77AB238AE5B300440DF7 /* Base */,
			);
			name = LaunchScreen.storyboard;
			sourceTree = "<group>";
		};
/* End PBXVariantGroup section */

/* Begin XCBuildConfiguration section */
		9A9B77B9238AE5B300440DF7 /* Debug */ = {
			isa = XCBuildConfiguration;
			buildSettings = {
				ALWAYS_SEARCH_USER_PATHS = NO;
				CLANG_ANALYZER_NONNULL = YES;
				CLANG_ANALYZER_NUMBER_OBJECT_CONVERSION = YES_AGGRESSIVE;
				CLANG_CXX_LANGUAGE_STANDARD = "gnu++14";
				CLANG_CXX_LIBRARY = "libc++";
				CLANG_ENABLE_MODULES = YES;
				CLANG_ENABLE_OBJC_ARC = YES;
				CLANG_ENABLE_OBJC_WEAK = YES;
				CLANG_WARN_BLOCK_CAPTURE_AUTORELEASING = YES;
				CLANG_WARN_BOOL_CONVERSION = YES;
				CLANG_WARN_COMMA = YES;
				CLANG_WARN_CONSTANT_CONVERSION = YES;
				CLANG_WARN_DEPRECATED_OBJC_IMPLEMENTATIONS = YES;
				CLANG_WARN_DIRECT_OBJC_ISA_USAGE = YES_ERROR;
				CLANG_WARN_DOCUMENTATION_COMMENTS = YES;
				CLANG_WARN_EMPTY_BODY = YES;
				CLANG_WARN_ENUM_CONVERSION = YES;
				CLANG_WARN_INFINITE_RECURSION = YES;
				CLANG_WARN_INT_CONVERSION = YES;
				CLANG_WARN_NON_LITERAL_NULL_CONVERSION = YES;
				CLANG_WARN_OBJC_IMPLICIT_RETAIN_SELF = YES;
				CLANG_WARN_OBJC_LITERAL_CONVERSION = YES;
				CLANG_WARN_OBJC_ROOT_CLASS = YES_ERROR;
				CLANG_WARN_RANGE_LOOP_ANALYSIS = YES;
				CLANG_WARN_STRICT_PROTOTYPES = YES;
				CLANG_WARN_SUSPICIOUS_MOVE = YES;
				CLANG_WARN_UNGUARDED_AVAILABILITY = YES_AGGRESSIVE;
				CLANG_WARN_UNREACHABLE_CODE = YES;
				CLANG_WARN__DUPLICATE_METHOD_MATCH = YES;
				COPY_PHASE_STRIP = NO;
				DEBUG_INFORMATION_FORMAT = dwarf;
				ENABLE_STRICT_OBJC_MSGSEND = YES;
				ENABLE_TESTABILITY = YES;
				GCC_C_LANGUAGE_STANDARD = gnu11;
				GCC_DYNAMIC_NO_PIC = NO;
				GCC_NO_COMMON_BLOCKS = YES;
				GCC_OPTIMIZATION_LEVEL = 0;
				GCC_PREPROCESSOR_DEFINITIONS = (
					"DEBUG=1",
					"$(inherited)",
				);
				GCC_WARN_64_TO_32_BIT_CONVERSION = YES;
				GCC_WARN_ABOUT_RETURN_TYPE = YES_ERROR;
				GCC_WARN_UNDECLARED_SELECTOR = YES;
				GCC_WARN_UNINITIALIZED_AUTOS = YES_AGGRESSIVE;
				GCC_WARN_UNUSED_FUNCTION = YES;
				GCC_WARN_UNUSED_VARIABLE = YES;
				IPHONEOS_DEPLOYMENT_TARGET = 12.0;
				MTL_ENABLE_DEBUG_INFO = INCLUDE_SOURCE;
				MTL_FAST_MATH = YES;
				ONLY_ACTIVE_ARCH = YES;
				SDKROOT = iphoneos;
				SWIFT_ACTIVE_COMPILATION_CONDITIONS = DEBUG;
				SWIFT_OPTIMIZATION_LEVEL = "-Onone";
			};
			name = Debug;
		};
		9A9B77BA238AE5B300440DF7 /* Release */ = {
			isa = XCBuildConfiguration;
			buildSettings = {
				ALWAYS_SEARCH_USER_PATHS = NO;
				CLANG_ANALYZER_NONNULL = YES;
				CLANG_ANALYZER_NUMBER_OBJECT_CONVERSION = YES_AGGRESSIVE;
				CLANG_CXX_LANGUAGE_STANDARD = "gnu++14";
				CLANG_CXX_LIBRARY = "libc++";
				CLANG_ENABLE_MODULES = YES;
				CLANG_ENABLE_OBJC_ARC = YES;
				CLANG_ENABLE_OBJC_WEAK = YES;
				CLANG_WARN_BLOCK_CAPTURE_AUTORELEASING = YES;
				CLANG_WARN_BOOL_CONVERSION = YES;
				CLANG_WARN_COMMA = YES;
				CLANG_WARN_CONSTANT_CONVERSION = YES;
				CLANG_WARN_DEPRECATED_OBJC_IMPLEMENTATIONS = YES;
				CLANG_WARN_DIRECT_OBJC_ISA_USAGE = YES_ERROR;
				CLANG_WARN_DOCUMENTATION_COMMENTS = YES;
				CLANG_WARN_EMPTY_BODY = YES;
				CLANG_WARN_ENUM_CONVERSION = YES;
				CLANG_WARN_INFINITE_RECURSION = YES;
				CLANG_WARN_INT_CONVERSION = YES;
				CLANG_WARN_NON_LITERAL_NULL_CONVERSION = YES;
				CLANG_WARN_OBJC_IMPLICIT_RETAIN_SELF = YES;
				CLANG_WARN_OBJC_LITERAL_CONVERSION = YES;
				CLANG_WARN_OBJC_ROOT_CLASS = YES_ERROR;
				CLANG_WARN_RANGE_LOOP_ANALYSIS = YES;
				CLANG_WARN_STRICT_PROTOTYPES = YES;
				CLANG_WARN_SUSPICIOUS_MOVE = YES;
				CLANG_WARN_UNGUARDED_AVAILABILITY = YES_AGGRESSIVE;
				CLANG_WARN_UNREACHABLE_CODE = YES;
				CLANG_WARN__DUPLICATE_METHOD_MATCH = YES;
				COPY_PHASE_STRIP = NO;
				DEBUG_INFORMATION_FORMAT = "dwarf-with-dsym";
				ENABLE_NS_ASSERTIONS = NO;
				ENABLE_STRICT_OBJC_MSGSEND = YES;
				GCC_C_LANGUAGE_STANDARD = gnu11;
				GCC_NO_COMMON_BLOCKS = YES;
				GCC_WARN_64_TO_32_BIT_CONVERSION = YES;
				GCC_WARN_ABOUT_RETURN_TYPE = YES_ERROR;
				GCC_WARN_UNDECLARED_SELECTOR = YES;
				GCC_WARN_UNINITIALIZED_AUTOS = YES_AGGRESSIVE;
				GCC_WARN_UNUSED_FUNCTION = YES;
				GCC_WARN_UNUSED_VARIABLE = YES;
				IPHONEOS_DEPLOYMENT_TARGET = 12.0;
				MTL_ENABLE_DEBUG_INFO = NO;
				MTL_FAST_MATH = YES;
				SDKROOT = iphoneos;
				SWIFT_COMPILATION_MODE = wholemodule;
				SWIFT_OPTIMIZATION_LEVEL = "-O";
				VALIDATE_PRODUCT = YES;
			};
			name = Release;
		};
		9A9B77BC238AE5B300440DF7 /* Debug */ = {
			isa = XCBuildConfiguration;
			baseConfigurationReference = E82F0B4397D190EE799C5872 /* Pods-Thali&Pickles.debug.xcconfig */;
			buildSettings = {
				ASSETCATALOG_COMPILER_APPICON_NAME = AppIcon;
				CLANG_ENABLE_MODULES = YES;
				CODE_SIGN_STYLE = Automatic;
				DEVELOPMENT_TEAM = 7A9JA8PNZH;
				INFOPLIST_FILE = "Thali&Pickles/Info.plist";
				LD_RUNPATH_SEARCH_PATHS = (
					"$(inherited)",
					"@executable_path/Frameworks",
				);
				PRODUCT_BUNDLE_IDENTIFIER = "com.tritechfirmThali-Pickles";
				PRODUCT_NAME = "$(TARGET_NAME)";
				SWIFT_OBJC_BRIDGING_HEADER = "Thali&Pickles/Thali&Pickles-Bridging-Header.h";
				SWIFT_OPTIMIZATION_LEVEL = "-Onone";
				SWIFT_VERSION = 5.0;
				TARGETED_DEVICE_FAMILY = 1;
			};
			name = Debug;
		};
		9A9B77BD238AE5B300440DF7 /* Release */ = {
			isa = XCBuildConfiguration;
			baseConfigurationReference = 82CB011F4A13FA307B4F88B3 /* Pods-Thali&Pickles.release.xcconfig */;
			buildSettings = {
				ASSETCATALOG_COMPILER_APPICON_NAME = AppIcon;
				CLANG_ENABLE_MODULES = YES;
				CODE_SIGN_STYLE = Automatic;
				DEVELOPMENT_TEAM = 7A9JA8PNZH;
				INFOPLIST_FILE = "Thali&Pickles/Info.plist";
				LD_RUNPATH_SEARCH_PATHS = (
					"$(inherited)",
					"@executable_path/Frameworks",
				);
				PRODUCT_BUNDLE_IDENTIFIER = "com.tritechfirmThali-Pickles";
				PRODUCT_NAME = "$(TARGET_NAME)";
				SWIFT_OBJC_BRIDGING_HEADER = "Thali&Pickles/Thali&Pickles-Bridging-Header.h";
				SWIFT_VERSION = 5.0;
				TARGETED_DEVICE_FAMILY = 1;
			};
			name = Release;
		};
		9A9B77BF238AE5B300440DF7 /* Debug */ = {
			isa = XCBuildConfiguration;
			baseConfigurationReference = 481BBA77047C155CBC1908D8 /* Pods-Thali&PicklesTests.debug.xcconfig */;
			buildSettings = {
				ALWAYS_EMBED_SWIFT_STANDARD_LIBRARIES = YES;
				BUNDLE_LOADER = "$(TEST_HOST)";
				CODE_SIGN_STYLE = Automatic;
				DEVELOPMENT_TEAM = 3A67UQ2DKR;
				INFOPLIST_FILE = "Thali&PicklesTests/Info.plist";
				IPHONEOS_DEPLOYMENT_TARGET = 13.2;
				LD_RUNPATH_SEARCH_PATHS = (
					"$(inherited)",
					"@executable_path/Frameworks",
					"@loader_path/Frameworks",
				);
				PRODUCT_BUNDLE_IDENTIFIER = "com.emon.Thali-PicklesTests";
				PRODUCT_NAME = "$(TARGET_NAME)";
				SWIFT_VERSION = 5.0;
				TARGETED_DEVICE_FAMILY = "1,2";
				TEST_HOST = "$(BUILT_PRODUCTS_DIR)/Thali&Pickles.app/Thali&Pickles";
			};
			name = Debug;
		};
		9A9B77C0238AE5B300440DF7 /* Release */ = {
			isa = XCBuildConfiguration;
			baseConfigurationReference = 0C1C8F15CB2DF78D6432F050 /* Pods-Thali&PicklesTests.release.xcconfig */;
			buildSettings = {
				ALWAYS_EMBED_SWIFT_STANDARD_LIBRARIES = YES;
				BUNDLE_LOADER = "$(TEST_HOST)";
				CODE_SIGN_STYLE = Automatic;
				DEVELOPMENT_TEAM = 3A67UQ2DKR;
				INFOPLIST_FILE = "Thali&PicklesTests/Info.plist";
				IPHONEOS_DEPLOYMENT_TARGET = 13.2;
				LD_RUNPATH_SEARCH_PATHS = (
					"$(inherited)",
					"@executable_path/Frameworks",
					"@loader_path/Frameworks",
				);
				PRODUCT_BUNDLE_IDENTIFIER = "com.emon.Thali-PicklesTests";
				PRODUCT_NAME = "$(TARGET_NAME)";
				SWIFT_VERSION = 5.0;
				TARGETED_DEVICE_FAMILY = "1,2";
				TEST_HOST = "$(BUILT_PRODUCTS_DIR)/Thali&Pickles.app/Thali&Pickles";
			};
			name = Release;
		};
/* End XCBuildConfiguration section */

/* Begin XCConfigurationList section */
		9A9B7792238AE5B000440DF7 /* Build configuration list for PBXProject "Thali&Pickles" */ = {
			isa = XCConfigurationList;
			buildConfigurations = (
				9A9B77B9238AE5B300440DF7 /* Debug */,
				9A9B77BA238AE5B300440DF7 /* Release */,
			);
			defaultConfigurationIsVisible = 0;
			defaultConfigurationName = Release;
		};
		9A9B77BB238AE5B300440DF7 /* Build configuration list for PBXNativeTarget "Thali&Pickles" */ = {
			isa = XCConfigurationList;
			buildConfigurations = (
				9A9B77BC238AE5B300440DF7 /* Debug */,
				9A9B77BD238AE5B300440DF7 /* Release */,
			);
			defaultConfigurationIsVisible = 0;
			defaultConfigurationName = Release;
		};
		9A9B77BE238AE5B300440DF7 /* Build configuration list for PBXNativeTarget "Thali&PicklesTests" */ = {
			isa = XCConfigurationList;
			buildConfigurations = (
				9A9B77BF238AE5B300440DF7 /* Debug */,
				9A9B77C0238AE5B300440DF7 /* Release */,
			);
			defaultConfigurationIsVisible = 0;
			defaultConfigurationName = Release;
		};
/* End XCConfigurationList section */

/* Begin XCVersionGroup section */
		9A9B77A5238AE5B000440DF7 /* Thali_Pickles.xcdatamodeld */ = {
			isa = XCVersionGroup;
			children = (
				9A9B77A6238AE5B000440DF7 /* Thali_Pickles.xcdatamodel */,
			);
			currentVersion = 9A9B77A6238AE5B000440DF7 /* Thali_Pickles.xcdatamodel */;
			path = Thali_Pickles.xcdatamodeld;
			sourceTree = "<group>";
			versionGroupType = wrapper.xcdatamodel;
		};
/* End XCVersionGroup section */
	};
	rootObject = 9A9B778F238AE5B000440DF7 /* Project object */;
}
